
Microsoft Visual Studio Solution File, Format Version 12.00
# Visual Studio 15
VisualStudioVersion = 15.0.27130.2010
MinimumVisualStudioVersion = 10.0.40219.1
Project("{FAE04EC0-301F-11D3-BF4B-00C04F79EFBC}") = "SeminarDva", "SeminarDva\SeminarDva.csproj", "{569CD85E-290C-488F-8E1A-E1327CE12099}"
EndProject
Global
	GlobalSection(SolutionConfigurationPlatforms) = preSolution
		Debug|Any CPU = Debug|Any CPU
		Release|Any CPU = Release|Any CPU
	EndGlobalSection
	GlobalSection(ProjectConfigurationPlatforms) = postSolution
		{569CD85E-290C-488F-8E1A-E1327CE12099}.Debug|Any CPU.ActiveCfg = Debug|Any CPU
		{569CD85E-290C-488F-8E1A-E1327CE12099}.Debug|Any CPU.Build.0 = Debug|Any CPU
		{569CD85E-290C-488F-8E1A-E1327CE12099}.Release|Any CPU.ActiveCfg = Release|Any CPU
		{569CD85E-290C-488F-8E1A-E1327CE12099}.Release|Any CPU.Build.0 = Release|Any CPU
	EndGlobalSection
	GlobalSection(SolutionProperties) = preSolution
		HideSolutionNode = FALSE
	EndGlobalSection
	GlobalSection(ExtensibilityGlobals) = postSolution
		SolutionGuid = {8C2FA717-DB78-4C1A-BBB6-DB2445C996EC}
	EndGlobalSection
EndGlobal
